
Microsoft Visual Studio Solution File, Format Version 12.00
# Visual Studio 14
VisualStudioVersion = 14.0.23107.0
MinimumVisualStudioVersion = 10.0.40219.1
Project("{FAE04EC0-301F-11D3-BF4B-00C04F79EFBC}") = "PokeRules", "PokeRules\PokeRules.csproj", "{7138B211-9068-483C-88CE-2671D8443B47}"
EndProject
Project("{FAE04EC0-301F-11D3-BF4B-00C04F79EFBC}") = "PokeRulesTests", "PokeRulesTests\PokeRulesTests.csproj", "{421A4ED1-5943-4733-8580-591902E6519B}"
	ProjectSection(ProjectDependencies) = postProject
		{7138B211-9068-483C-88CE-2671D8443B47} = {7138B211-9068-483C-88CE-2671D8443B47}
	EndProjectSection
EndProject
Project("{FAE04EC0-301F-11D3-BF4B-00C04F79EFBC}") = "Evol-UI", "Evol-UI\Evol-UI.csproj", "{AABFDDA4-3EDC-4790-AD07-EC3A77D9A876}"
EndProject
Project("{FAE04EC0-301F-11D3-BF4B-00C04F79EFBC}") = "Evol-IA", "Evol-IA\Evol-IA.csproj", "{901588FB-505C-48E6-B15E-5EA29EE3B13E}"
EndProject
Project("{FAE04EC0-301F-11D3-BF4B-00C04F79EFBC}") = "Evol-IATests", "Evol-IATests\Evol-IATests.csproj", "{8AFE5E17-2DD3-4400-B10B-C60A2DC16927}"
EndProject
Global
	GlobalSection(SolutionConfigurationPlatforms) = preSolution
		Debug|Any CPU = Debug|Any CPU
		Release|Any CPU = Release|Any CPU
	EndGlobalSection
	GlobalSection(ProjectConfigurationPlatforms) = postSolution
		{7138B211-9068-483C-88CE-2671D8443B47}.Debug|Any CPU.ActiveCfg = Debug|Any CPU
		{7138B211-9068-483C-88CE-2671D8443B47}.Debug|Any CPU.Build.0 = Debug|Any CPU
		{7138B211-9068-483C-88CE-2671D8443B47}.Release|Any CPU.ActiveCfg = Release|Any CPU
		{7138B211-9068-483C-88CE-2671D8443B47}.Release|Any CPU.Build.0 = Release|Any CPU
		{421A4ED1-5943-4733-8580-591902E6519B}.Debug|Any CPU.ActiveCfg = Debug|Any CPU
		{421A4ED1-5943-4733-8580-591902E6519B}.Debug|Any CPU.Build.0 = Debug|Any CPU
		{421A4ED1-5943-4733-8580-591902E6519B}.Release|Any CPU.ActiveCfg = Release|Any CPU
		{421A4ED1-5943-4733-8580-591902E6519B}.Release|Any CPU.Build.0 = Release|Any CPU
		{AABFDDA4-3EDC-4790-AD07-EC3A77D9A876}.Debug|Any CPU.ActiveCfg = Debug|Any CPU
		{AABFDDA4-3EDC-4790-AD07-EC3A77D9A876}.Debug|Any CPU.Build.0 = Debug|Any CPU
		{AABFDDA4-3EDC-4790-AD07-EC3A77D9A876}.Release|Any CPU.ActiveCfg = Release|Any CPU
		{AABFDDA4-3EDC-4790-AD07-EC3A77D9A876}.Release|Any CPU.Build.0 = Release|Any CPU
		{901588FB-505C-48E6-B15E-5EA29EE3B13E}.Debug|Any CPU.ActiveCfg = Debug|Any CPU
		{901588FB-505C-48E6-B15E-5EA29EE3B13E}.Debug|Any CPU.Build.0 = Debug|Any CPU
		{901588FB-505C-48E6-B15E-5EA29EE3B13E}.Release|Any CPU.ActiveCfg = Release|Any CPU
		{901588FB-505C-48E6-B15E-5EA29EE3B13E}.Release|Any CPU.Build.0 = Release|Any CPU
		{8AFE5E17-2DD3-4400-B10B-C60A2DC16927}.Debug|Any CPU.ActiveCfg = Debug|Any CPU
		{8AFE5E17-2DD3-4400-B10B-C60A2DC16927}.Debug|Any CPU.Build.0 = Debug|Any CPU
		{8AFE5E17-2DD3-4400-B10B-C60A2DC16927}.Release|Any CPU.ActiveCfg = Release|Any CPU
		{8AFE5E17-2DD3-4400-B10B-C60A2DC16927}.Release|Any CPU.Build.0 = Release|Any CPU
	EndGlobalSection
	GlobalSection(SolutionProperties) = preSolution
		HideSolutionNode = FALSE
	EndGlobalSection
EndGlobal
